// !$*UTF8*$!
{
	archiveVersion = 1;
	classes = {
	};
	objectVersion = 48;
	objects = {

/* Begin PBXBuildFile section */
		21DEC10401FD193BE4896091 /* libPods-fabricDemo.a in Frameworks */ = {isa = PBXBuildFile; fileRef = E329A01A8117253A54976B99 /* libPods-fabricDemo.a */; };
		84FA5A31206A4A58000C7368 /* DataKeeper.swift in Sources */ = {isa = PBXBuildFile; fileRef = 84FA5A30206A4A58000C7368 /* DataKeeper.swift */; };
		84FAF458206A2EFE0092288B /* AppDelegate.swift in Sources */ = {isa = PBXBuildFile; fileRef = 84FAF457206A2EFE0092288B /* AppDelegate.swift */; };
		84FAF45A206A2EFE0092288B /* ViewController.swift in Sources */ = {isa = PBXBuildFile; fileRef = 84FAF459206A2EFE0092288B /* ViewController.swift */; };
		84FAF45D206A2EFE0092288B /* Main.storyboard in Resources */ = {isa = PBXBuildFile; fileRef = 84FAF45B206A2EFE0092288B /* Main.storyboard */; };
		84FAF45F206A2EFE0092288B /* Assets.xcassets in Resources */ = {isa = PBXBuildFile; fileRef = 84FAF45E206A2EFE0092288B /* Assets.xcassets */; };
		84FAF462206A2EFE0092288B /* LaunchScreen.storyboard in Resources */ = {isa = PBXBuildFile; fileRef = 84FAF460206A2EFE0092288B /* LaunchScreen.storyboard */; };
/* End PBXBuildFile section */

/* Begin PBXFileReference section */
		28718E6441BB46B1D083D43F /* Pods-fabricDemo.release.xcconfig */ = {isa = PBXFileReference; includeInIndex = 1; lastKnownFileType = text.xcconfig; name = "Pods-fabricDemo.release.xcconfig"; path = "Pods/Target Support Files/Pods-fabricDemo/Pods-fabricDemo.release.xcconfig"; sourceTree = "<group>"; };
		43806683A67EA4BE63E6010F /* Pods-fabricDemo.debug.xcconfig */ = {isa = PBXFileReference; includeInIndex = 1; lastKnownFileType = text.xcconfig; name = "Pods-fabricDemo.debug.xcconfig"; path = "Pods/Target Support Files/Pods-fabricDemo/Pods-fabricDemo.debug.xcconfig"; sourceTree = "<group>"; };
		84FA5A30206A4A58000C7368 /* DataKeeper.swift */ = {isa = PBXFileReference; lastKnownFileType = sourcecode.swift; path = DataKeeper.swift; sourceTree = "<group>"; };
		84FAF454206A2EFE0092288B /* fabricDemo.app */ = {isa = PBXFileReference; explicitFileType = wrapper.application; includeInIndex = 0; path = fabricDemo.app; sourceTree = BUILT_PRODUCTS_DIR; };
		84FAF457206A2EFE0092288B /* AppDelegate.swift */ = {isa = PBXFileReference; lastKnownFileType = sourcecode.swift; path = AppDelegate.swift; sourceTree = "<group>"; };
		84FAF459206A2EFE0092288B /* ViewController.swift */ = {isa = PBXFileReference; lastKnownFileType = sourcecode.swift; path = ViewController.swift; sourceTree = "<group>"; };
		84FAF45C206A2EFE0092288B /* Base */ = {isa = PBXFileReference; lastKnownFileType = file.storyboard; name = Base; path = Base.lproj/Main.storyboard; sourceTree = "<group>"; };
		84FAF45E206A2EFE0092288B /* Assets.xcassets */ = {isa = PBXFileReference; lastKnownFileType = folder.assetcatalog; path = Assets.xcassets; sourceTree = "<group>"; };
		84FAF461206A2EFE0092288B /* Base */ = {isa = PBXFileReference; lastKnownFileType = file.storyboard; name = Base; path = Base.lproj/LaunchScreen.storyboard; sourceTree = "<group>"; };
		84FAF463206A2EFE0092288B /* Info.plist */ = {isa = PBXFileReference; lastKnownFileType = text.plist.xml; path = Info.plist; sourceTree = "<group>"; };
		E329A01A8117253A54976B99 /* libPods-fabricDemo.a */ = {isa = PBXFileReference; explicitFileType = archive.ar; includeInIndex = 0; path = "libPods-fabricDemo.a"; sourceTree = BUILT_PRODUCTS_DIR; };
/* End PBXFileReference section */

/* Begin PBXFrameworksBuildPhase section */
		84FAF451206A2EFE0092288B /* Frameworks */ = {
			isa = PBXFrameworksBuildPhase;
			buildActionMask = 2147483647;
			files = (
				21DEC10401FD193BE4896091 /* libPods-fabricDemo.a in Frameworks */,
			);
			runOnlyForDeploymentPostprocessing = 0;
		};
/* End PBXFrameworksBuildPhase section */

/* Begin PBXGroup section */
		6FA3749CAB02A067DC512C7F /* Frameworks */ = {
			isa = PBXGroup;
			children = (
				E329A01A8117253A54976B99 /* libPods-fabricDemo.a */,
			);
			name = Frameworks;
			sourceTree = "<group>";
		};
		84FAF44B206A2EFE0092288B = {
			isa = PBXGroup;
			children = (
				84FAF456206A2EFE0092288B /* fabricDemo */,
				84FAF455206A2EFE0092288B /* Products */,
				B3F2A29288238D181D15C5DD /* Pods */,
				6FA3749CAB02A067DC512C7F /* Frameworks */,
			);
			sourceTree = "<group>";
		};
		84FAF455206A2EFE0092288B /* Products */ = {
			isa = PBXGroup;
			children = (
				84FAF454206A2EFE0092288B /* fabricDemo.app */,
			);
			name = Products;
			sourceTree = "<group>";
		};
		84FAF456206A2EFE0092288B /* fabricDemo */ = {
			isa = PBXGroup;
			children = (
				84FAF457206A2EFE0092288B /* AppDelegate.swift */,
				84FAF459206A2EFE0092288B /* ViewController.swift */,
				84FA5A30206A4A58000C7368 /* DataKeeper.swift */,
				84FAF45B206A2EFE0092288B /* Main.storyboard */,
				84FAF45E206A2EFE0092288B /* Assets.xcassets */,
				84FAF460206A2EFE0092288B /* LaunchScreen.storyboard */,
				84FAF463206A2EFE0092288B /* Info.plist */,
			);
			path = fabricDemo;
			sourceTree = "<group>";
		};
		B3F2A29288238D181D15C5DD /* Pods */ = {
			isa = PBXGroup;
			children = (
				43806683A67EA4BE63E6010F /* Pods-fabricDemo.debug.xcconfig */,
				28718E6441BB46B1D083D43F /* Pods-fabricDemo.release.xcconfig */,
			);
			name = Pods;
			sourceTree = "<group>";
		};
/* End PBXGroup section */

/* Begin PBXNativeTarget section */
		84FAF453206A2EFE0092288B /* fabricDemo */ = {
			isa = PBXNativeTarget;
			buildConfigurationList = 84FAF466206A2EFE0092288B /* Build configuration list for PBXNativeTarget "fabricDemo" */;
			buildPhases = (
				699B73154F57DA4D0AF19A6D /* [CP] Check Pods Manifest.lock */,
				84FAF450206A2EFE0092288B /* Sources */,
				84FAF451206A2EFE0092288B /* Frameworks */,
				84FAF452206A2EFE0092288B /* Resources */,
				5B201EE1EB1F188CBBF91401 /* [CP] Embed Pods Frameworks */,
				8F8BB7C924C45E83B934F157 /* [CP] Copy Pods Resources */,
			);
			buildRules = (
			);
			dependencies = (
			);
			name = fabricDemo;
			productName = fabricDemo;
			productReference = 84FAF454206A2EFE0092288B /* fabricDemo.app */;
			productType = "com.apple.product-type.application";
		};
/* End PBXNativeTarget section */

/* Begin PBXProject section */
		84FAF44C206A2EFE0092288B /* Project object */ = {
			isa = PBXProject;
			attributes = {
				LastSwiftUpdateCheck = 0920;
				LastUpgradeCheck = 0920;
				ORGANIZATIONNAME = CSOIM01181089M;
				TargetAttributes = {
					84FAF453206A2EFE0092288B = {
						CreatedOnToolsVersion = 9.2;
						ProvisioningStyle = Automatic;
					};
				};
			};
			buildConfigurationList = 84FAF44F206A2EFE0092288B /* Build configuration list for PBXProject "fabricDemo" */;
			compatibilityVersion = "Xcode 8.0";
			developmentRegion = en;
			hasScannedForEncodings = 0;
			knownRegions = (
				en,
				Base,
			);
			mainGroup = 84FAF44B206A2EFE0092288B;
			productRefGroup = 84FAF455206A2EFE0092288B /* Products */;
			projectDirPath = "";
			projectRoot = "";
			targets = (
				84FAF453206A2EFE0092288B /* fabricDemo */,
			);
		};
/* End PBXProject section */

/* Begin PBXResourcesBuildPhase section */
		84FAF452206A2EFE0092288B /* Resources */ = {
			isa = PBXResourcesBuildPhase;
			buildActionMask = 2147483647;
			files = (
				84FAF462206A2EFE0092288B /* LaunchScreen.storyboard in Resources */,
				84FAF45F206A2EFE0092288B /* Assets.xcassets in Resources */,
				84FAF45D206A2EFE0092288B /* Main.storyboard in Resources */,
			);
			runOnlyForDeploymentPostprocessing = 0;
		};
/* End PBXResourcesBuildPhase section */

/* Begin PBXShellScriptBuildPhase section */
		5B201EE1EB1F188CBBF91401 /* [CP] Embed Pods Frameworks */ = {
			isa = PBXShellScriptBuildPhase;
			buildActionMask = 2147483647;
			files = (
			);
			inputPaths = (
			);
			name = "[CP] Embed Pods Frameworks";
			outputPaths = (
			);
			runOnlyForDeploymentPostprocessing = 0;
			shellPath = /bin/sh;
			shellScript = "\"${SRCROOT}/Pods/Target Support Files/Pods-fabricDemo/Pods-fabricDemo-frameworks.sh\"\n";
			showEnvVarsInLog = 0;
		};
		699B73154F57DA4D0AF19A6D /* [CP] Check Pods Manifest.lock */ = {
			isa = PBXShellScriptBuildPhase;
			buildActionMask = 2147483647;
			files = (
			);
			inputPaths = (
				"${PODS_PODFILE_DIR_PATH}/Podfile.lock",
				"${PODS_ROOT}/Manifest.lock",
			);
			name = "[CP] Check Pods Manifest.lock";
			outputPaths = (
				"$(DERIVED_FILE_DIR)/Pods-fabricDemo-checkManifestLockResult.txt",
			);
			runOnlyForDeploymentPostprocessing = 0;
			shellPath = /bin/sh;
			shellScript = "diff \"${PODS_PODFILE_DIR_PATH}/Podfile.lock\" \"${PODS_ROOT}/Manifest.lock\" > /dev/null\nif [ $? != 0 ] ; then\n    # print error to STDERR\n    echo \"error: The sandbox is not in sync with the Podfile.lock. Run 'pod install' or update your CocoaPods installation.\" >&2\n    exit 1\nfi\n# This output is used by Xcode 'outputs' to avoid re-running this script phase.\necho \"SUCCESS\" > \"${SCRIPT_OUTPUT_FILE_0}\"\n";
			showEnvVarsInLog = 0;
		};
		8F8BB7C924C45E83B934F157 /* [CP] Copy Pods Resources */ = {
			isa = PBXShellScriptBuildPhase;
			buildActionMask = 2147483647;
			files = (
			);
			inputPaths = (
			);
			name = "[CP] Copy Pods Resources";
			outputPaths = (
			);
			runOnlyForDeploymentPostprocessing = 0;
			shellPath = /bin/sh;
			shellScript = "\"${SRCROOT}/Pods/Target Support Files/Pods-fabricDemo/Pods-fabricDemo-resources.sh\"\n";
			showEnvVarsInLog = 0;
		};
/* End PBXShellScriptBuildPhase section */

/* Begin PBXSourcesBuildPhase section */
		84FAF450206A2EFE0092288B /* Sources */ = {
			isa = PBXSourcesBuildPhase;
			buildActionMask = 2147483647;
			files = (
				84FAF45A206A2EFE0092288B /* ViewController.swift in Sources */,
				84FA5A31206A4A58000C7368 /* DataKeeper.swift in Sources */,
				84FAF458206A2EFE0092288B /* AppDelegate.swift in Sources */,
			);
			runOnlyForDeploymentPostprocessing = 0;
		};
/* End PBXSourcesBuildPhase section */

/* Begin PBXVariantGroup section */
		84FAF45B206A2EFE0092288B /* Main.storyboard */ = {
			isa = PBXVariantGroup;
			children = (
				84FAF45C206A2EFE0092288B /* Base */,
			);
			name = Main.storyboard;
			sourceTree = "<group>";
		};
		84FAF460206A2EFE0092288B /* LaunchScreen.storyboard */ = {
			isa = PBXVariantGroup;
			children = (
				84FAF461206A2EFE0092288B /* Base */,
			);
			name = LaunchScreen.storyboard;
			sourceTree = "<group>";
		};
/* End PBXVariantGroup section */

/* Begin XCBuildConfiguration section */
		84FAF464206A2EFE0092288B /* Debug */ = {
			isa = XCBuildConfiguration;
			buildSettings = {
				ALWAYS_SEARCH_USER_PATHS = NO;
				CLANG_ANALYZER_NONNULL = YES;
				CLANG_ANALYZER_NUMBER_OBJECT_CONVERSION = YES_AGGRESSIVE;
				CLANG_CXX_LANGUAGE_STANDARD = "gnu++14";
				CLANG_CXX_LIBRARY = "libc++";
				CLANG_ENABLE_MODULES = YES;
				CLANG_ENABLE_OBJC_ARC = YES;
				CLANG_WARN_BLOCK_CAPTURE_AUTORELEASING = YES;
				CLANG_WARN_BOOL_CONVERSION = YES;
				CLANG_WARN_COMMA = YES;
				CLANG_WARN_CONSTANT_CONVERSION = YES;
				CLANG_WARN_DIRECT_OBJC_ISA_USAGE = YES_ERROR;
				CLANG_WARN_DOCUMENTATION_COMMENTS = YES;
				CLANG_WARN_EMPTY_BODY = YES;
				CLANG_WARN_ENUM_CONVERSION = YES;
				CLANG_WARN_INFINITE_RECURSION = YES;
				CLANG_WARN_INT_CONVERSION = YES;
				CLANG_WARN_NON_LITERAL_NULL_CONVERSION = YES;
				CLANG_WARN_OBJC_LITERAL_CONVERSION = YES;
				CLANG_WARN_OBJC_ROOT_CLASS = YES_ERROR;
				CLANG_WARN_RANGE_LOOP_ANALYSIS = YES;
				CLANG_WARN_STRICT_PROTOTYPES = YES;
				CLANG_WARN_SUSPICIOUS_MOVE = YES;
				CLANG_WARN_UNGUARDED_AVAILABILITY = YES_AGGRESSIVE;
				CLANG_WARN_UNREACHABLE_CODE = YES;
				CLANG_WARN__DUPLICATE_METHOD_MATCH = YES;
				CODE_SIGN_IDENTITY = "iPhone Developer";
				COPY_PHASE_STRIP = NO;
				DEBUG_INFORMATION_FORMAT = dwarf;
				ENABLE_STRICT_OBJC_MSGSEND = YES;
				ENABLE_TESTABILITY = YES;
				GCC_C_LANGUAGE_STANDARD = gnu11;
				GCC_DYNAMIC_NO_PIC = NO;
				GCC_NO_COMMON_BLOCKS = YES;
				GCC_OPTIMIZATION_LEVEL = 0;
				GCC_PREPROCESSOR_DEFINITIONS = (
					"DEBUG=1",
					"$(inherited)",
				);
				GCC_WARN_64_TO_32_BIT_CONVERSION = YES;
				GCC_WARN_ABOUT_RETURN_TYPE = YES_ERROR;
				GCC_WARN_UNDECLARED_SELECTOR = YES;
				GCC_WARN_UNINITIALIZED_AUTOS = YES_AGGRESSIVE;
				GCC_WARN_UNUSED_FUNCTION = YES;
				GCC_WARN_UNUSED_VARIABLE = YES;
				IPHONEOS_DEPLOYMENT_TARGET = 11.2;
				MTL_ENABLE_DEBUG_INFO = YES;
				ONLY_ACTIVE_ARCH = YES;
				SDKROOT = iphoneos;
				SWIFT_ACTIVE_COMPILATION_CONDITIONS = DEBUG;
				SWIFT_OPTIMIZATION_LEVEL = "-Onone";
			};
			name = Debug;
		};
		84FAF465206A2EFE0092288B /* Release */ = {
			isa = XCBuildConfiguration;
			buildSettings = {
				ALWAYS_SEARCH_USER_PATHS = NO;
				CLANG_ANALYZER_NONNULL = YES;
				CLANG_ANALYZER_NUMBER_OBJECT_CONVERSION = YES_AGGRESSIVE;
				CLANG_CXX_LANGUAGE_STANDARD = "gnu++14";
				CLANG_CXX_LIBRARY = "libc++";
				CLANG_ENABLE_MODULES = YES;
				CLANG_ENABLE_OBJC_ARC = YES;
				CLANG_WARN_BLOCK_CAPTURE_AUTORELEASING = YES;
				CLANG_WARN_BOOL_CONVERSION = YES;
				CLANG_WARN_COMMA = YES;
				CLANG_WARN_CONSTANT_CONVERSION = YES;
				CLANG_WARN_DIRECT_OBJC_ISA_USAGE = YES_ERROR;
				CLANG_WARN_DOCUMENTATION_COMMENTS = YES;
				CLANG_WARN_EMPTY_BODY = YES;
				CLANG_WARN_ENUM_CONVERSION = YES;
				CLANG_WARN_INFINITE_RECURSION = YES;
				CLANG_WARN_INT_CONVERSION = YES;
				CLANG_WARN_NON_LITERAL_NULL_CONVERSION = YES;
				CLANG_WARN_OBJC_LITERAL_CONVERSION = YES;
				CLANG_WARN_OBJC_ROOT_CLASS = YES_ERROR;
				CLANG_WARN_RANGE_LOOP_ANALYSIS = YES;
				CLANG_WARN_STRICT_PROTOTYPES = YES;
				CLANG_WARN_SUSPICIOUS_MOVE = YES;
				CLANG_WARN_UNGUARDED_AVAILABILITY = YES_AGGRESSIVE;
				CLANG_WARN_UNREACHABLE_CODE = YES;
				CLANG_WARN__DUPLICATE_METHOD_MATCH = YES;
				CODE_SIGN_IDENTITY = "iPhone Developer";
				COPY_PHASE_STRIP = NO;
				DEBUG_INFORMATION_FORMAT = "dwarf-with-dsym";
				ENABLE_NS_ASSERTIONS = NO;
				ENABLE_STRICT_OBJC_MSGSEND = YES;
				GCC_C_LANGUAGE_STANDARD = gnu11;
				GCC_NO_COMMON_BLOCKS = YES;
				GCC_WARN_64_TO_32_BIT_CONVERSION = YES;
				GCC_WARN_ABOUT_RETURN_TYPE = YES_ERROR;
				GCC_WARN_UNDECLARED_SELECTOR = YES;
				GCC_WARN_UNINITIALIZED_AUTOS = YES_AGGRESSIVE;
				GCC_WARN_UNUSED_FUNCTION = YES;
				GCC_WARN_UNUSED_VARIABLE = YES;
				IPHONEOS_DEPLOYMENT_TARGET = 11.2;
				MTL_ENABLE_DEBUG_INFO = NO;
				SDKROOT = iphoneos;
				SWIFT_OPTIMIZATION_LEVEL = "-Owholemodule";
				VALIDATE_PRODUCT = YES;
			};
			name = Release;
		};
		84FAF467206A2EFE0092288B /* Debug */ = {
			isa = XCBuildConfiguration;
			baseConfigurationReference = 43806683A67EA4BE63E6010F /* Pods-fabricDemo.debug.xcconfig */;
			buildSettings = {
				ASSETCATALOG_COMPILER_APPICON_NAME = AppIcon;
				CODE_SIGN_STYLE = Automatic;
				DEVELOPMENT_TEAM = 943RCJ8945;
				INFOPLIST_FILE = fabricDemo/Info.plist;
				LD_RUNPATH_SEARCH_PATHS = "$(inherited) @executable_path/Frameworks";
				PRODUCT_BUNDLE_IDENTIFIER = com.pathak.TestDemo.fabricDemo;
				PRODUCT_NAME = "$(TARGET_NAME)";
				SWIFT_VERSION = 4.0;
				TARGETED_DEVICE_FAMILY = "1,2";
			};
			name = Debug;
		};
		84FAF468206A2EFE0092288B /* Release */ = {
			isa = XCBuildConfiguration;
			baseConfigurationReference = 28718E6441BB46B1D083D43F /* Pods-fabricDemo.release.xcconfig */;
			buildSettings = {
				ASSETCATALOG_COMPILER_APPICON_NAME = AppIcon;
				CODE_SIGN_STYLE = Automatic;
				DEVELOPMENT_TEAM = 943RCJ8945;
				INFOPLIST_FILE = fabricDemo/Info.plist;
				LD_RUNPATH_SEARCH_PATHS = "$(inherited) @executable_path/Frameworks";
				PRODUCT_BUNDLE_IDENTIFIER = com.pathak.TestDemo.fabricDemo;
				PRODUCT_NAME = "$(TARGET_NAME)";
				SWIFT_VERSION = 4.0;
				TARGETED_DEVICE_FAMILY = "1,2";
			};
			name = Release;
		};
/* End XCBuildConfiguration section */

/* Begin XCConfigurationList section */
		84FAF44F206A2EFE0092288B /* Build configuration list for PBXProject "fabricDemo" */ = {
			isa = XCConfigurationList;
			buildConfigurations = (
				84FAF464206A2EFE0092288B /* Debug */,
				84FAF465206A2EFE0092288B /* Release */,
			);
			defaultConfigurationIsVisible = 0;
			defaultConfigurationName = Release;
		};
		84FAF466206A2EFE0092288B /* Build configuration list for PBXNativeTarget "fabricDemo" */ = {
			isa = XCConfigurationList;
			buildConfigurations = (
				84FAF467206A2EFE0092288B /* Debug */,
				84FAF468206A2EFE0092288B /* Release */,
			);
			defaultConfigurationIsVisible = 0;
			defaultConfigurationName = Release;
		};
/* End XCConfigurationList section */
	};
	rootObject = 84FAF44C206A2EFE0092288B /* Project object */;
}
